// !$*UTF8*$!
{
	archiveVersion = 1;
	classes = {
	};
	objectVersion = 63;
	objects = {

/* Begin PBXBuildFile section */
		B812EF4E2C72ADEF00C4C75C /* Step.swift in Sources */ = {isa = PBXBuildFile; fileRef = B812EF4D2C72ADEF00C4C75C /* Step.swift */; };
		B84EC7182C4B861F0086AC13 /* GoogleService-Info.plist in Resources */ = {isa = PBXBuildFile; fileRef = B84EC7172C4B861F0086AC13 /* GoogleService-Info.plist */; };
		B84EC71B2C4B88780086AC13 /* FirebaseAuth in Frameworks */ = {isa = PBXBuildFile; productRef = B84EC71A2C4B88780086AC13 /* FirebaseAuth */; };
		B84EC7202C4BAB8A0086AC13 /* FirebaseAnalytics in Frameworks */ = {isa = PBXBuildFile; productRef = B84EC71F2C4BAB8A0086AC13 /* FirebaseAnalytics */; };
		B84EC7222C4BAB900086AC13 /* FirebaseAnalyticsSwift in Frameworks */ = {isa = PBXBuildFile; productRef = B84EC7212C4BAB900086AC13 /* FirebaseAnalyticsSwift */; };
		B8626DCE2C7C0D460027F6E8 /* SwiftUIIntrospect in Frameworks */ = {isa = PBXBuildFile; productRef = B8626DCD2C7C0D460027F6E8 /* SwiftUIIntrospect */; };
		B87CA4A02C4C0F6F00E766C2 /* AuthenticationView.swift in Sources */ = {isa = PBXBuildFile; fileRef = B87CA49F2C4C0F6F00E766C2 /* AuthenticationView.swift */; };
		B87CA4A22C4C112100E766C2 /* SignUpAccountView.swift in Sources */ = {isa = PBXBuildFile; fileRef = B87CA4A12C4C112100E766C2 /* SignUpAccountView.swift */; };
		B87CA4A42C4D433600E766C2 /* AuthViewModel.swift in Sources */ = {isa = PBXBuildFile; fileRef = B87CA4A32C4D433500E766C2 /* AuthViewModel.swift */; };
		B893AEF92C4EC58200FC3947 /* LaunchView.swift in Sources */ = {isa = PBXBuildFile; fileRef = B893AEF82C4EC58200FC3947 /* LaunchView.swift */; };
		B893AEFB2C51642300FC3947 /* LandingView.swift in Sources */ = {isa = PBXBuildFile; fileRef = B893AEFA2C51642300FC3947 /* LandingView.swift */; };
		B893AEFD2C557F2300FC3947 /* SignUpUserView.swift in Sources */ = {isa = PBXBuildFile; fileRef = B893AEFC2C557F2300FC3947 /* SignUpUserView.swift */; };
		B893AEFF2C56230D00FC3947 /* FirebaseFirestore in Frameworks */ = {isa = PBXBuildFile; productRef = B893AEFE2C56230D00FC3947 /* FirebaseFirestore */; };
		B893AF012C56231E00FC3947 /* FirebaseStorage in Frameworks */ = {isa = PBXBuildFile; productRef = B893AF002C56231E00FC3947 /* FirebaseStorage */; };
		B893AF052C56983E00FC3947 /* AuthTextFieldModifier.swift in Sources */ = {isa = PBXBuildFile; fileRef = B893AF042C56983E00FC3947 /* AuthTextFieldModifier.swift */; };
		B8A0FDC12C3C1D7A00C82665 /* StrutApp.swift in Sources */ = {isa = PBXBuildFile; fileRef = B8A0FDC02C3C1D7A00C82665 /* StrutApp.swift */; };
		B8A0FDC32C3C1D7A00C82665 /* ContentView.swift in Sources */ = {isa = PBXBuildFile; fileRef = B8A0FDC22C3C1D7A00C82665 /* ContentView.swift */; };
		B8A0FDC52C3C1D7A00C82665 /* Item.swift in Sources */ = {isa = PBXBuildFile; fileRef = B8A0FDC42C3C1D7A00C82665 /* Item.swift */; };
		B8A0FDC72C3C1D7C00C82665 /* Assets.xcassets in Resources */ = {isa = PBXBuildFile; fileRef = B8A0FDC62C3C1D7C00C82665 /* Assets.xcassets */; };
		B8A0FDCA2C3C1D7C00C82665 /* Preview Assets.xcassets in Resources */ = {isa = PBXBuildFile; fileRef = B8A0FDC92C3C1D7C00C82665 /* Preview Assets.xcassets */; };
		B8A0FDD42C3C1D7C00C82665 /* StrutTests.swift in Sources */ = {isa = PBXBuildFile; fileRef = B8A0FDD32C3C1D7C00C82665 /* StrutTests.swift */; };
		B8A0FDDE2C3C1D7C00C82665 /* StrutUITests.swift in Sources */ = {isa = PBXBuildFile; fileRef = B8A0FDDD2C3C1D7C00C82665 /* StrutUITests.swift */; };
		B8A0FDE02C3C1D7C00C82665 /* StrutUITestsLaunchTests.swift in Sources */ = {isa = PBXBuildFile; fileRef = B8A0FDDF2C3C1D7C00C82665 /* StrutUITestsLaunchTests.swift */; };
		B8A0FDED2C3C1DE500C82665 /* HomeView.swift in Sources */ = {isa = PBXBuildFile; fileRef = B8A0FDEC2C3C1DE500C82665 /* HomeView.swift */; };
		B8A0FDEF2C3C1E1C00C82665 /* FullView.swift in Sources */ = {isa = PBXBuildFile; fileRef = B8A0FDEE2C3C1E1C00C82665 /* FullView.swift */; };
		B8A0FDF12C3C1E4700C82665 /* GroupView.swift in Sources */ = {isa = PBXBuildFile; fileRef = B8A0FDF02C3C1E4700C82665 /* GroupView.swift */; };
		B8A0FDF32C3C1E6A00C82665 /* FriendGroup.swift in Sources */ = {isa = PBXBuildFile; fileRef = B8A0FDF22C3C1E6A00C82665 /* FriendGroup.swift */; };
		B8A0FDF52C3C1E8B00C82665 /* GameView.swift in Sources */ = {isa = PBXBuildFile; fileRef = B8A0FDF42C3C1E8B00C82665 /* GameView.swift */; };
		B8A0FDF72C3C1EAA00C82665 /* GameHeaderBar.swift in Sources */ = {isa = PBXBuildFile; fileRef = B8A0FDF62C3C1EAA00C82665 /* GameHeaderBar.swift */; };
		B8A0FDF92C3C1ECF00C82665 /* HealthStore.swift in Sources */ = {isa = PBXBuildFile; fileRef = B8A0FDF82C3C1ECF00C82665 /* HealthStore.swift */; };
		B8A0FDFB2C3C1EE600C82665 /* Friend.swift in Sources */ = {isa = PBXBuildFile; fileRef = B8A0FDFA2C3C1EE600C82665 /* Friend.swift */; };
		B8E59B162C40F22400DDE026 /* GroupScrollBar.swift in Sources */ = {isa = PBXBuildFile; fileRef = B8E59B152C40F22400DDE026 /* GroupScrollBar.swift */; };
		B8E59B492C41225400DDE026 /* Inter-Black.ttf in Resources */ = {isa = PBXBuildFile; fileRef = B8E59B402C41225400DDE026 /* Inter-Black.ttf */; };
		B8E59B4A2C41225400DDE026 /* Inter-Light.ttf in Resources */ = {isa = PBXBuildFile; fileRef = B8E59B412C41225400DDE026 /* Inter-Light.ttf */; };
		B8E59B4B2C41225400DDE026 /* Inter-Medium.ttf in Resources */ = {isa = PBXBuildFile; fileRef = B8E59B422C41225400DDE026 /* Inter-Medium.ttf */; };
		B8E59B4C2C41225400DDE026 /* Inter-SemiBold.ttf in Resources */ = {isa = PBXBuildFile; fileRef = B8E59B432C41225400DDE026 /* Inter-SemiBold.ttf */; };
		B8E59B4D2C41225400DDE026 /* Inter-Thin.ttf in Resources */ = {isa = PBXBuildFile; fileRef = B8E59B442C41225400DDE026 /* Inter-Thin.ttf */; };
		B8E59B4E2C41225400DDE026 /* Inter-ExtraBold.ttf in Resources */ = {isa = PBXBuildFile; fileRef = B8E59B452C41225400DDE026 /* Inter-ExtraBold.ttf */; };
		B8E59B4F2C41225400DDE026 /* Inter-Regular.ttf in Resources */ = {isa = PBXBuildFile; fileRef = B8E59B462C41225400DDE026 /* Inter-Regular.ttf */; };
		B8E59B502C41225400DDE026 /* Inter-ExtraLight.ttf in Resources */ = {isa = PBXBuildFile; fileRef = B8E59B472C41225400DDE026 /* Inter-ExtraLight.ttf */; };
		B8E59B512C41225400DDE026 /* Inter-Bold.ttf in Resources */ = {isa = PBXBuildFile; fileRef = B8E59B482C41225400DDE026 /* Inter-Bold.ttf */; };
		B8E59B542C424A2A00DDE026 /* CustomTabBar.swift in Sources */ = {isa = PBXBuildFile; fileRef = B8E59B532C424A2A00DDE026 /* CustomTabBar.swift */; };
		B8E59B562C42C74C00DDE026 /* BlurBar.swift in Sources */ = {isa = PBXBuildFile; fileRef = B8E59B552C42C74C00DDE026 /* BlurBar.swift */; };
		B8E59B5D2C43852000DDE026 /* TempStepsListView.swift in Sources */ = {isa = PBXBuildFile; fileRef = B8E59B5C2C43852000DDE026 /* TempStepsListView.swift */; };
		B8E59B602C4385E500DDE026 /* Helper.swift in Sources */ = {isa = PBXBuildFile; fileRef = B8E59B5F2C4385E500DDE026 /* Helper.swift */; };
		B8E59B622C4427E600DDE026 /* FriendsView.swift in Sources */ = {isa = PBXBuildFile; fileRef = B8E59B612C4427E500DDE026 /* FriendsView.swift */; };
/* End PBXBuildFile section */

/* Begin PBXContainerItemProxy section */
		B8A0FDD02C3C1D7C00C82665 /* PBXContainerItemProxy */ = {
			isa = PBXContainerItemProxy;
			containerPortal = B8A0FDB52C3C1D7A00C82665 /* Project object */;
			proxyType = 1;
			remoteGlobalIDString = B8A0FDBC2C3C1D7A00C82665;
			remoteInfo = Strut;
		};
		B8A0FDDA2C3C1D7C00C82665 /* PBXContainerItemProxy */ = {
			isa = PBXContainerItemProxy;
			containerPortal = B8A0FDB52C3C1D7A00C82665 /* Project object */;
			proxyType = 1;
			remoteGlobalIDString = B8A0FDBC2C3C1D7A00C82665;
			remoteInfo = Strut;
		};
/* End PBXContainerItemProxy section */

/* Begin PBXFileReference section */
		B812EF4D2C72ADEF00C4C75C /* Step.swift */ = {isa = PBXFileReference; lastKnownFileType = sourcecode.swift; path = Step.swift; sourceTree = "<group>"; };
		B84EC7172C4B861F0086AC13 /* GoogleService-Info.plist */ = {isa = PBXFileReference; fileEncoding = 4; lastKnownFileType = text.plist.xml; path = "GoogleService-Info.plist"; sourceTree = "<group>"; };
		B87CA49F2C4C0F6F00E766C2 /* AuthenticationView.swift */ = {isa = PBXFileReference; lastKnownFileType = sourcecode.swift; path = AuthenticationView.swift; sourceTree = "<group>"; };
		B87CA4A12C4C112100E766C2 /* SignUpAccountView.swift */ = {isa = PBXFileReference; lastKnownFileType = sourcecode.swift; path = SignUpAccountView.swift; sourceTree = "<group>"; };
		B87CA4A32C4D433500E766C2 /* AuthViewModel.swift */ = {isa = PBXFileReference; lastKnownFileType = sourcecode.swift; path = AuthViewModel.swift; sourceTree = "<group>"; };
		B893AEF82C4EC58200FC3947 /* LaunchView.swift */ = {isa = PBXFileReference; lastKnownFileType = sourcecode.swift; path = LaunchView.swift; sourceTree = "<group>"; };
		B893AEFA2C51642300FC3947 /* LandingView.swift */ = {isa = PBXFileReference; lastKnownFileType = sourcecode.swift; path = LandingView.swift; sourceTree = "<group>"; };
		B893AEFC2C557F2300FC3947 /* SignUpUserView.swift */ = {isa = PBXFileReference; lastKnownFileType = sourcecode.swift; path = SignUpUserView.swift; sourceTree = "<group>"; };
		B893AF042C56983E00FC3947 /* AuthTextFieldModifier.swift */ = {isa = PBXFileReference; lastKnownFileType = sourcecode.swift; path = AuthTextFieldModifier.swift; sourceTree = "<group>"; };
		B8A0FDBD2C3C1D7A00C82665 /* Strut.app */ = {isa = PBXFileReference; explicitFileType = wrapper.application; includeInIndex = 0; path = Strut.app; sourceTree = BUILT_PRODUCTS_DIR; };
		B8A0FDC02C3C1D7A00C82665 /* StrutApp.swift */ = {isa = PBXFileReference; lastKnownFileType = sourcecode.swift; path = StrutApp.swift; sourceTree = "<group>"; };
		B8A0FDC22C3C1D7A00C82665 /* ContentView.swift */ = {isa = PBXFileReference; lastKnownFileType = sourcecode.swift; path = ContentView.swift; sourceTree = "<group>"; };
		B8A0FDC42C3C1D7A00C82665 /* Item.swift */ = {isa = PBXFileReference; lastKnownFileType = sourcecode.swift; path = Item.swift; sourceTree = "<group>"; };
		B8A0FDC62C3C1D7C00C82665 /* Assets.xcassets */ = {isa = PBXFileReference; lastKnownFileType = folder.assetcatalog; path = Assets.xcassets; sourceTree = "<group>"; };
		B8A0FDC92C3C1D7C00C82665 /* Preview Assets.xcassets */ = {isa = PBXFileReference; lastKnownFileType = folder.assetcatalog; path = "Preview Assets.xcassets"; sourceTree = "<group>"; };
		B8A0FDCF2C3C1D7C00C82665 /* StrutTests.xctest */ = {isa = PBXFileReference; explicitFileType = wrapper.cfbundle; includeInIndex = 0; path = StrutTests.xctest; sourceTree = BUILT_PRODUCTS_DIR; };
		B8A0FDD32C3C1D7C00C82665 /* StrutTests.swift */ = {isa = PBXFileReference; lastKnownFileType = sourcecode.swift; path = StrutTests.swift; sourceTree = "<group>"; };
		B8A0FDD92C3C1D7C00C82665 /* StrutUITests.xctest */ = {isa = PBXFileReference; explicitFileType = wrapper.cfbundle; includeInIndex = 0; path = StrutUITests.xctest; sourceTree = BUILT_PRODUCTS_DIR; };
		B8A0FDDD2C3C1D7C00C82665 /* StrutUITests.swift */ = {isa = PBXFileReference; lastKnownFileType = sourcecode.swift; path = StrutUITests.swift; sourceTree = "<group>"; };
		B8A0FDDF2C3C1D7C00C82665 /* StrutUITestsLaunchTests.swift */ = {isa = PBXFileReference; lastKnownFileType = sourcecode.swift; path = StrutUITestsLaunchTests.swift; sourceTree = "<group>"; };
		B8A0FDEC2C3C1DE500C82665 /* HomeView.swift */ = {isa = PBXFileReference; lastKnownFileType = sourcecode.swift; path = HomeView.swift; sourceTree = "<group>"; };
		B8A0FDEE2C3C1E1C00C82665 /* FullView.swift */ = {isa = PBXFileReference; lastKnownFileType = sourcecode.swift; path = FullView.swift; sourceTree = "<group>"; };
		B8A0FDF02C3C1E4700C82665 /* GroupView.swift */ = {isa = PBXFileReference; lastKnownFileType = sourcecode.swift; path = GroupView.swift; sourceTree = "<group>"; };
		B8A0FDF22C3C1E6A00C82665 /* FriendGroup.swift */ = {isa = PBXFileReference; lastKnownFileType = sourcecode.swift; path = FriendGroup.swift; sourceTree = "<group>"; };
		B8A0FDF42C3C1E8B00C82665 /* GameView.swift */ = {isa = PBXFileReference; lastKnownFileType = sourcecode.swift; path = GameView.swift; sourceTree = "<group>"; };
		B8A0FDF62C3C1EAA00C82665 /* GameHeaderBar.swift */ = {isa = PBXFileReference; lastKnownFileType = sourcecode.swift; path = GameHeaderBar.swift; sourceTree = "<group>"; };
		B8A0FDF82C3C1ECF00C82665 /* HealthStore.swift */ = {isa = PBXFileReference; lastKnownFileType = sourcecode.swift; path = HealthStore.swift; sourceTree = "<group>"; };
		B8A0FDFA2C3C1EE600C82665 /* Friend.swift */ = {isa = PBXFileReference; lastKnownFileType = sourcecode.swift; path = Friend.swift; sourceTree = "<group>"; };
		B8A0FDFC2C3C200700C82665 /* Strut.entitlements */ = {isa = PBXFileReference; lastKnownFileType = text.plist.entitlements; path = Strut.entitlements; sourceTree = "<group>"; };
		B8E59B152C40F22400DDE026 /* GroupScrollBar.swift */ = {isa = PBXFileReference; lastKnownFileType = sourcecode.swift; path = GroupScrollBar.swift; sourceTree = "<group>"; };
		B8E59B402C41225400DDE026 /* Inter-Black.ttf */ = {isa = PBXFileReference; lastKnownFileType = file; path = "Inter-Black.ttf"; sourceTree = "<group>"; };
		B8E59B412C41225400DDE026 /* Inter-Light.ttf */ = {isa = PBXFileReference; lastKnownFileType = file; path = "Inter-Light.ttf"; sourceTree = "<group>"; };
		B8E59B422C41225400DDE026 /* Inter-Medium.ttf */ = {isa = PBXFileReference; lastKnownFileType = file; path = "Inter-Medium.ttf"; sourceTree = "<group>"; };
		B8E59B432C41225400DDE026 /* Inter-SemiBold.ttf */ = {isa = PBXFileReference; lastKnownFileType = file; path = "Inter-SemiBold.ttf"; sourceTree = "<group>"; };
		B8E59B442C41225400DDE026 /* Inter-Thin.ttf */ = {isa = PBXFileReference; lastKnownFileType = file; path = "Inter-Thin.ttf"; sourceTree = "<group>"; };
		B8E59B452C41225400DDE026 /* Inter-ExtraBold.ttf */ = {isa = PBXFileReference; lastKnownFileType = file; path = "Inter-ExtraBold.ttf"; sourceTree = "<group>"; };
		B8E59B462C41225400DDE026 /* Inter-Regular.ttf */ = {isa = PBXFileReference; lastKnownFileType = file; path = "Inter-Regular.ttf"; sourceTree = "<group>"; };
		B8E59B472C41225400DDE026 /* Inter-ExtraLight.ttf */ = {isa = PBXFileReference; lastKnownFileType = file; path = "Inter-ExtraLight.ttf"; sourceTree = "<group>"; };
		B8E59B482C41225400DDE026 /* Inter-Bold.ttf */ = {isa = PBXFileReference; lastKnownFileType = file; path = "Inter-Bold.ttf"; sourceTree = "<group>"; };
		B8E59B522C41226C00DDE026 /* Info.plist */ = {isa = PBXFileReference; lastKnownFileType = text.plist; path = Info.plist; sourceTree = "<group>"; };
		B8E59B532C424A2A00DDE026 /* CustomTabBar.swift */ = {isa = PBXFileReference; lastKnownFileType = sourcecode.swift; path = CustomTabBar.swift; sourceTree = "<group>"; };
		B8E59B552C42C74C00DDE026 /* BlurBar.swift */ = {isa = PBXFileReference; lastKnownFileType = sourcecode.swift; path = BlurBar.swift; sourceTree = "<group>"; };
		B8E59B5C2C43852000DDE026 /* TempStepsListView.swift */ = {isa = PBXFileReference; lastKnownFileType = sourcecode.swift; path = TempStepsListView.swift; sourceTree = "<group>"; };
		B8E59B5F2C4385E500DDE026 /* Helper.swift */ = {isa = PBXFileReference; lastKnownFileType = sourcecode.swift; path = Helper.swift; sourceTree = "<group>"; };
		B8E59B612C4427E500DDE026 /* FriendsView.swift */ = {isa = PBXFileReference; lastKnownFileType = sourcecode.swift; path = FriendsView.swift; sourceTree = "<group>"; };
/* End PBXFileReference section */

/* Begin PBXFrameworksBuildPhase section */
		B8A0FDBA2C3C1D7A00C82665 /* Frameworks */ = {
			isa = PBXFrameworksBuildPhase;
			buildActionMask = 2147483647;
			files = (
				B84EC7222C4BAB900086AC13 /* FirebaseAnalyticsSwift in Frameworks */,
				B893AEFF2C56230D00FC3947 /* FirebaseFirestore in Frameworks */,
				B84EC7202C4BAB8A0086AC13 /* FirebaseAnalytics in Frameworks */,
				B8626DCE2C7C0D460027F6E8 /* SwiftUIIntrospect in Frameworks */,
				B893AF012C56231E00FC3947 /* FirebaseStorage in Frameworks */,
				B84EC71B2C4B88780086AC13 /* FirebaseAuth in Frameworks */,
			);
			runOnlyForDeploymentPostprocessing = 0;
		};
		B8A0FDCC2C3C1D7C00C82665 /* Frameworks */ = {
			isa = PBXFrameworksBuildPhase;
			buildActionMask = 2147483647;
			files = (
			);
			runOnlyForDeploymentPostprocessing = 0;
		};
		B8A0FDD62C3C1D7C00C82665 /* Frameworks */ = {
			isa = PBXFrameworksBuildPhase;
			buildActionMask = 2147483647;
			files = (
			);
			runOnlyForDeploymentPostprocessing = 0;
		};
/* End PBXFrameworksBuildPhase section */

/* Begin PBXGroup section */
		B84EC71E2C4BAB8A0086AC13 /* Frameworks */ = {
			isa = PBXGroup;
			children = (
			);
			name = Frameworks;
			sourceTree = "<group>";
		};
		B86DACA72C476F8E00977E0E /* Components */ = {
			isa = PBXGroup;
			children = (
				B8A0FDF62C3C1EAA00C82665 /* GameHeaderBar.swift */,
				B8E59B152C40F22400DDE026 /* GroupScrollBar.swift */,
				B8E59B552C42C74C00DDE026 /* BlurBar.swift */,
				B8E59B532C424A2A00DDE026 /* CustomTabBar.swift */,
			);
			path = Components;
			sourceTree = "<group>";
		};
		B87CA49E2C4C086900E766C2 /* Authentication */ = {
			isa = PBXGroup;
			children = (
				B87CA49F2C4C0F6F00E766C2 /* AuthenticationView.swift */,
				B87CA4A12C4C112100E766C2 /* SignUpAccountView.swift */,
				B87CA4A32C4D433500E766C2 /* AuthViewModel.swift */,
				B893AEF82C4EC58200FC3947 /* LaunchView.swift */,
				B893AEFA2C51642300FC3947 /* LandingView.swift */,
				B893AEFC2C557F2300FC3947 /* SignUpUserView.swift */,
				B893AF042C56983E00FC3947 /* AuthTextFieldModifier.swift */,
			);
			path = Authentication;
			sourceTree = "<group>";
		};
		B8A0FDB42C3C1D7A00C82665 = {
			isa = PBXGroup;
			children = (
				B8A0FDBF2C3C1D7A00C82665 /* Strut */,
				B8A0FDD22C3C1D7C00C82665 /* StrutTests */,
				B8A0FDDC2C3C1D7C00C82665 /* StrutUITests */,
				B8A0FDBE2C3C1D7A00C82665 /* Products */,
				B84EC71E2C4BAB8A0086AC13 /* Frameworks */,
			);
			sourceTree = "<group>";
		};
		B8A0FDBE2C3C1D7A00C82665 /* Products */ = {
			isa = PBXGroup;
			children = (
				B8A0FDBD2C3C1D7A00C82665 /* Strut.app */,
				B8A0FDCF2C3C1D7C00C82665 /* StrutTests.xctest */,
				B8A0FDD92C3C1D7C00C82665 /* StrutUITests.xctest */,
			);
			name = Products;
			sourceTree = "<group>";
		};
		B8A0FDBF2C3C1D7A00C82665 /* Strut */ = {
			isa = PBXGroup;
			children = (
				B84EC7172C4B861F0086AC13 /* GoogleService-Info.plist */,
				B8E59B522C41226C00DDE026 /* Info.plist */,
				B8A0FDFC2C3C200700C82665 /* Strut.entitlements */,
				B8A0FDC62C3C1D7C00C82665 /* Assets.xcassets */,
				B8A0FDC02C3C1D7A00C82665 /* StrutApp.swift */,
				B8E59B3F2C41223C00DDE026 /* Fonts */,
				B8E59B5E2C4385C600DDE026 /* Utilities */,
				B8E59B582C42CA6200DDE026 /* Store */,
				B8E59B592C42D1D000DDE026 /* Models */,
				B86DACA72C476F8E00977E0E /* Components */,
				B87CA49E2C4C086900E766C2 /* Authentication */,
				B8E59B572C42CA5A00DDE026 /* Views */,
				B8A0FDC82C3C1D7C00C82665 /* Preview Content */,
			);
			path = Strut;
			sourceTree = "<group>";
		};
		B8A0FDC82C3C1D7C00C82665 /* Preview Content */ = {
			isa = PBXGroup;
			children = (
				B8A0FDC92C3C1D7C00C82665 /* Preview Assets.xcassets */,
			);
			path = "Preview Content";
			sourceTree = "<group>";
		};
		B8A0FDD22C3C1D7C00C82665 /* StrutTests */ = {
			isa = PBXGroup;
			children = (
				B8A0FDD32C3C1D7C00C82665 /* StrutTests.swift */,
			);
			path = StrutTests;
			sourceTree = "<group>";
		};
		B8A0FDDC2C3C1D7C00C82665 /* StrutUITests */ = {
			isa = PBXGroup;
			children = (
				B8A0FDDD2C3C1D7C00C82665 /* StrutUITests.swift */,
				B8A0FDDF2C3C1D7C00C82665 /* StrutUITestsLaunchTests.swift */,
			);
			path = StrutUITests;
			sourceTree = "<group>";
		};
		B8E59B3F2C41223C00DDE026 /* Fonts */ = {
			isa = PBXGroup;
			children = (
				B8E59B402C41225400DDE026 /* Inter-Black.ttf */,
				B8E59B482C41225400DDE026 /* Inter-Bold.ttf */,
				B8E59B452C41225400DDE026 /* Inter-ExtraBold.ttf */,
				B8E59B472C41225400DDE026 /* Inter-ExtraLight.ttf */,
				B8E59B412C41225400DDE026 /* Inter-Light.ttf */,
				B8E59B422C41225400DDE026 /* Inter-Medium.ttf */,
				B8E59B462C41225400DDE026 /* Inter-Regular.ttf */,
				B8E59B432C41225400DDE026 /* Inter-SemiBold.ttf */,
				B8E59B442C41225400DDE026 /* Inter-Thin.ttf */,
			);
			path = Fonts;
			sourceTree = "<group>";
		};
		B8E59B572C42CA5A00DDE026 /* Views */ = {
			isa = PBXGroup;
			children = (
				B8A0FDEC2C3C1DE500C82665 /* HomeView.swift */,
				B8A0FDF42C3C1E8B00C82665 /* GameView.swift */,
				B8A0FDEE2C3C1E1C00C82665 /* FullView.swift */,
				B8A0FDF02C3C1E4700C82665 /* GroupView.swift */,
				B8A0FDC22C3C1D7A00C82665 /* ContentView.swift */,
				B8E59B5C2C43852000DDE026 /* TempStepsListView.swift */,
				B8E59B612C4427E500DDE026 /* FriendsView.swift */,
			);
			path = Views;
			sourceTree = "<group>";
		};
		B8E59B582C42CA6200DDE026 /* Store */ = {
			isa = PBXGroup;
			children = (
				B8A0FDF82C3C1ECF00C82665 /* HealthStore.swift */,
			);
			path = Store;
			sourceTree = "<group>";
		};
		B8E59B592C42D1D000DDE026 /* Models */ = {
			isa = PBXGroup;
			children = (
				B8A0FDC42C3C1D7A00C82665 /* Item.swift */,
				B8A0FDF22C3C1E6A00C82665 /* FriendGroup.swift */,
				B8A0FDFA2C3C1EE600C82665 /* Friend.swift */,
				B812EF4D2C72ADEF00C4C75C /* Step.swift */,
			);
			path = Models;
			sourceTree = "<group>";
		};
		B8E59B5E2C4385C600DDE026 /* Utilities */ = {
			isa = PBXGroup;
			children = (
				B8E59B5F2C4385E500DDE026 /* Helper.swift */,
			);
			path = Utilities;
			sourceTree = "<group>";
		};
/* End PBXGroup section */

/* Begin PBXNativeTarget section */
		B8A0FDBC2C3C1D7A00C82665 /* Strut */ = {
			isa = PBXNativeTarget;
			buildConfigurationList = B8A0FDE32C3C1D7C00C82665 /* Build configuration list for PBXNativeTarget "Strut" */;
			buildPhases = (
				B8A0FDB92C3C1D7A00C82665 /* Sources */,
				B8A0FDBA2C3C1D7A00C82665 /* Frameworks */,
				B8A0FDBB2C3C1D7A00C82665 /* Resources */,
			);
			buildRules = (
			);
			dependencies = (
			);
			name = Strut;
			packageProductDependencies = (
				B84EC71A2C4B88780086AC13 /* FirebaseAuth */,
				B84EC71F2C4BAB8A0086AC13 /* FirebaseAnalytics */,
				B84EC7212C4BAB900086AC13 /* FirebaseAnalyticsSwift */,
				B893AEFE2C56230D00FC3947 /* FirebaseFirestore */,
				B893AF002C56231E00FC3947 /* FirebaseStorage */,
				B8626DCD2C7C0D460027F6E8 /* SwiftUIIntrospect */,
			);
			productName = Strut;
			productReference = B8A0FDBD2C3C1D7A00C82665 /* Strut.app */;
			productType = "com.apple.product-type.application";
		};
		B8A0FDCE2C3C1D7C00C82665 /* StrutTests */ = {
			isa = PBXNativeTarget;
			buildConfigurationList = B8A0FDE62C3C1D7C00C82665 /* Build configuration list for PBXNativeTarget "StrutTests" */;
			buildPhases = (
				B8A0FDCB2C3C1D7C00C82665 /* Sources */,
				B8A0FDCC2C3C1D7C00C82665 /* Frameworks */,
				B8A0FDCD2C3C1D7C00C82665 /* Resources */,
			);
			buildRules = (
			);
			dependencies = (
				B8A0FDD12C3C1D7C00C82665 /* PBXTargetDependency */,
			);
			name = StrutTests;
			productName = StrutTests;
			productReference = B8A0FDCF2C3C1D7C00C82665 /* StrutTests.xctest */;
			productType = "com.apple.product-type.bundle.unit-test";
		};
		B8A0FDD82C3C1D7C00C82665 /* StrutUITests */ = {
			isa = PBXNativeTarget;
			buildConfigurationList = B8A0FDE92C3C1D7C00C82665 /* Build configuration list for PBXNativeTarget "StrutUITests" */;
			buildPhases = (
				B8A0FDD52C3C1D7C00C82665 /* Sources */,
				B8A0FDD62C3C1D7C00C82665 /* Frameworks */,
				B8A0FDD72C3C1D7C00C82665 /* Resources */,
			);
			buildRules = (
			);
			dependencies = (
				B8A0FDDB2C3C1D7C00C82665 /* PBXTargetDependency */,
			);
			name = StrutUITests;
			packageProductDependencies = (
			);
			productName = StrutUITests;
			productReference = B8A0FDD92C3C1D7C00C82665 /* StrutUITests.xctest */;
			productType = "com.apple.product-type.bundle.ui-testing";
		};
/* End PBXNativeTarget section */

/* Begin PBXProject section */
		B8A0FDB52C3C1D7A00C82665 /* Project object */ = {
			isa = PBXProject;
			attributes = {
				BuildIndependentTargetsInParallel = 1;
				LastSwiftUpdateCheck = 1540;
				LastUpgradeCheck = 1540;
				TargetAttributes = {
					B8A0FDBC2C3C1D7A00C82665 = {
						CreatedOnToolsVersion = 15.4;
					};
					B8A0FDCE2C3C1D7C00C82665 = {
						CreatedOnToolsVersion = 15.4;
						TestTargetID = B8A0FDBC2C3C1D7A00C82665;
					};
					B8A0FDD82C3C1D7C00C82665 = {
						CreatedOnToolsVersion = 15.4;
						TestTargetID = B8A0FDBC2C3C1D7A00C82665;
					};
				};
			};
			buildConfigurationList = B8A0FDB82C3C1D7A00C82665 /* Build configuration list for PBXProject "Strut" */;
			compatibilityVersion = "Xcode 15.3";
			developmentRegion = en;
			hasScannedForEncodings = 0;
			knownRegions = (
				en,
				Base,
			);
			mainGroup = B8A0FDB42C3C1D7A00C82665;
			packageReferences = (
				B84EC7192C4B88780086AC13 /* XCRemoteSwiftPackageReference "firebase-ios-sdk" */,
				B8626DC62C7A91720027F6E8 /* XCRemoteSwiftPackageReference "swiftui-introspect" */,
			);
			productRefGroup = B8A0FDBE2C3C1D7A00C82665 /* Products */;
			projectDirPath = "";
			projectRoot = "";
			targets = (
				B8A0FDBC2C3C1D7A00C82665 /* Strut */,
				B8A0FDCE2C3C1D7C00C82665 /* StrutTests */,
				B8A0FDD82C3C1D7C00C82665 /* StrutUITests */,
			);
		};
/* End PBXProject section */

/* Begin PBXResourcesBuildPhase section */
		B8A0FDBB2C3C1D7A00C82665 /* Resources */ = {
			isa = PBXResourcesBuildPhase;
			buildActionMask = 2147483647;
			files = (
				B8E59B4C2C41225400DDE026 /* Inter-SemiBold.ttf in Resources */,
				B8E59B502C41225400DDE026 /* Inter-ExtraLight.ttf in Resources */,
				B8E59B512C41225400DDE026 /* Inter-Bold.ttf in Resources */,
				B8E59B4F2C41225400DDE026 /* Inter-Regular.ttf in Resources */,
				B8A0FDCA2C3C1D7C00C82665 /* Preview Assets.xcassets in Resources */,
				B84EC7182C4B861F0086AC13 /* GoogleService-Info.plist in Resources */,
				B8E59B492C41225400DDE026 /* Inter-Black.ttf in Resources */,
				B8E59B4E2C41225400DDE026 /* Inter-ExtraBold.ttf in Resources */,
				B8E59B4A2C41225400DDE026 /* Inter-Light.ttf in Resources */,
				B8E59B4B2C41225400DDE026 /* Inter-Medium.ttf in Resources */,
				B8A0FDC72C3C1D7C00C82665 /* Assets.xcassets in Resources */,
				B8E59B4D2C41225400DDE026 /* Inter-Thin.ttf in Resources */,
			);
			runOnlyForDeploymentPostprocessing = 0;
		};
		B8A0FDCD2C3C1D7C00C82665 /* Resources */ = {
			isa = PBXResourcesBuildPhase;
			buildActionMask = 2147483647;
			files = (
			);
			runOnlyForDeploymentPostprocessing = 0;
		};
		B8A0FDD72C3C1D7C00C82665 /* Resources */ = {
			isa = PBXResourcesBuildPhase;
			buildActionMask = 2147483647;
			files = (
			);
			runOnlyForDeploymentPostprocessing = 0;
		};
/* End PBXResourcesBuildPhase section */

/* Begin PBXSourcesBuildPhase section */
		B8A0FDB92C3C1D7A00C82665 /* Sources */ = {
			isa = PBXSourcesBuildPhase;
			buildActionMask = 2147483647;
			files = (
				B8E59B162C40F22400DDE026 /* GroupScrollBar.swift in Sources */,
				B8A0FDF32C3C1E6A00C82665 /* FriendGroup.swift in Sources */,
				B8A0FDC32C3C1D7A00C82665 /* ContentView.swift in Sources */,
				B87CA4A42C4D433600E766C2 /* AuthViewModel.swift in Sources */,
				B8E59B562C42C74C00DDE026 /* BlurBar.swift in Sources */,
				B8E59B542C424A2A00DDE026 /* CustomTabBar.swift in Sources */,
				B8A0FDED2C3C1DE500C82665 /* HomeView.swift in Sources */,
				B8A0FDF12C3C1E4700C82665 /* GroupView.swift in Sources */,
				B8E59B602C4385E500DDE026 /* Helper.swift in Sources */,
				B8A0FDC52C3C1D7A00C82665 /* Item.swift in Sources */,
				B893AEF92C4EC58200FC3947 /* LaunchView.swift in Sources */,
				B893AEFB2C51642300FC3947 /* LandingView.swift in Sources */,
				B87CA4A22C4C112100E766C2 /* SignUpAccountView.swift in Sources */,
				B8A0FDC12C3C1D7A00C82665 /* StrutApp.swift in Sources */,
				B8A0FDF72C3C1EAA00C82665 /* GameHeaderBar.swift in Sources */,
				B8E59B622C4427E600DDE026 /* FriendsView.swift in Sources */,
				B893AF052C56983E00FC3947 /* AuthTextFieldModifier.swift in Sources */,
				B8A0FDF52C3C1E8B00C82665 /* GameView.swift in Sources */,
				B87CA4A02C4C0F6F00E766C2 /* AuthenticationView.swift in Sources */,
				B8A0FDEF2C3C1E1C00C82665 /* FullView.swift in Sources */,
				B8A0FDF92C3C1ECF00C82665 /* HealthStore.swift in Sources */,
				B8E59B5D2C43852000DDE026 /* TempStepsListView.swift in Sources */,
				B893AEFD2C557F2300FC3947 /* SignUpUserView.swift in Sources */,
				B812EF4E2C72ADEF00C4C75C /* Step.swift in Sources */,
				B8A0FDFB2C3C1EE600C82665 /* Friend.swift in Sources */,
			);
			runOnlyForDeploymentPostprocessing = 0;
		};
		B8A0FDCB2C3C1D7C00C82665 /* Sources */ = {
			isa = PBXSourcesBuildPhase;
			buildActionMask = 2147483647;
			files = (
				B8A0FDD42C3C1D7C00C82665 /* StrutTests.swift in Sources */,
			);
			runOnlyForDeploymentPostprocessing = 0;
		};
		B8A0FDD52C3C1D7C00C82665 /* Sources */ = {
			isa = PBXSourcesBuildPhase;
			buildActionMask = 2147483647;
			files = (
				B8A0FDDE2C3C1D7C00C82665 /* StrutUITests.swift in Sources */,
				B8A0FDE02C3C1D7C00C82665 /* StrutUITestsLaunchTests.swift in Sources */,
			);
			runOnlyForDeploymentPostprocessing = 0;
		};
/* End PBXSourcesBuildPhase section */

/* Begin PBXTargetDependency section */
		B8A0FDD12C3C1D7C00C82665 /* PBXTargetDependency */ = {
			isa = PBXTargetDependency;
			target = B8A0FDBC2C3C1D7A00C82665 /* Strut */;
			targetProxy = B8A0FDD02C3C1D7C00C82665 /* PBXContainerItemProxy */;
		};
		B8A0FDDB2C3C1D7C00C82665 /* PBXTargetDependency */ = {
			isa = PBXTargetDependency;
			target = B8A0FDBC2C3C1D7A00C82665 /* Strut */;
			targetProxy = B8A0FDDA2C3C1D7C00C82665 /* PBXContainerItemProxy */;
		};
/* End PBXTargetDependency section */

/* Begin XCBuildConfiguration section */
		B8A0FDE12C3C1D7C00C82665 /* Debug */ = {
			isa = XCBuildConfiguration;
			buildSettings = {
				ALWAYS_SEARCH_USER_PATHS = NO;
				ASSETCATALOG_COMPILER_GENERATE_SWIFT_ASSET_SYMBOL_EXTENSIONS = YES;
				CLANG_ANALYZER_NONNULL = YES;
				CLANG_ANALYZER_NUMBER_OBJECT_CONVERSION = YES_AGGRESSIVE;
				CLANG_CXX_LANGUAGE_STANDARD = "gnu++20";
				CLANG_ENABLE_MODULES = YES;
				CLANG_ENABLE_OBJC_ARC = YES;
				CLANG_ENABLE_OBJC_WEAK = YES;
				CLANG_WARN_BLOCK_CAPTURE_AUTORELEASING = YES;
				CLANG_WARN_BOOL_CONVERSION = YES;
				CLANG_WARN_COMMA = YES;
				CLANG_WARN_CONSTANT_CONVERSION = YES;
				CLANG_WARN_DEPRECATED_OBJC_IMPLEMENTATIONS = YES;
				CLANG_WARN_DIRECT_OBJC_ISA_USAGE = YES_ERROR;
				CLANG_WARN_DOCUMENTATION_COMMENTS = YES;
				CLANG_WARN_EMPTY_BODY = YES;
				CLANG_WARN_ENUM_CONVERSION = YES;
				CLANG_WARN_INFINITE_RECURSION = YES;
				CLANG_WARN_INT_CONVERSION = YES;
				CLANG_WARN_NON_LITERAL_NULL_CONVERSION = YES;
				CLANG_WARN_OBJC_IMPLICIT_RETAIN_SELF = YES;
				CLANG_WARN_OBJC_LITERAL_CONVERSION = YES;
				CLANG_WARN_OBJC_ROOT_CLASS = YES_ERROR;
				CLANG_WARN_QUOTED_INCLUDE_IN_FRAMEWORK_HEADER = YES;
				CLANG_WARN_RANGE_LOOP_ANALYSIS = YES;
				CLANG_WARN_STRICT_PROTOTYPES = YES;
				CLANG_WARN_SUSPICIOUS_MOVE = YES;
				CLANG_WARN_UNGUARDED_AVAILABILITY = YES_AGGRESSIVE;
				CLANG_WARN_UNREACHABLE_CODE = YES;
				CLANG_WARN__DUPLICATE_METHOD_MATCH = YES;
				COPY_PHASE_STRIP = NO;
				DEBUG_INFORMATION_FORMAT = dwarf;
				ENABLE_STRICT_OBJC_MSGSEND = YES;
				ENABLE_TESTABILITY = YES;
				ENABLE_USER_SCRIPT_SANDBOXING = YES;
				GCC_C_LANGUAGE_STANDARD = gnu17;
				GCC_DYNAMIC_NO_PIC = NO;
				GCC_NO_COMMON_BLOCKS = YES;
				GCC_OPTIMIZATION_LEVEL = 0;
				GCC_PREPROCESSOR_DEFINITIONS = (
					"DEBUG=1",
					"$(inherited)",
				);
				GCC_WARN_64_TO_32_BIT_CONVERSION = YES;
				GCC_WARN_ABOUT_RETURN_TYPE = YES_ERROR;
				GCC_WARN_UNDECLARED_SELECTOR = YES;
				GCC_WARN_UNINITIALIZED_AUTOS = YES_AGGRESSIVE;
				GCC_WARN_UNUSED_FUNCTION = YES;
				GCC_WARN_UNUSED_VARIABLE = YES;
				IPHONEOS_DEPLOYMENT_TARGET = 17.5;
				LOCALIZATION_PREFERS_STRING_CATALOGS = YES;
				MTL_ENABLE_DEBUG_INFO = INCLUDE_SOURCE;
				MTL_FAST_MATH = YES;
				ONLY_ACTIVE_ARCH = YES;
				SDKROOT = iphoneos;
				SWIFT_ACTIVE_COMPILATION_CONDITIONS = "DEBUG $(inherited)";
				SWIFT_OPTIMIZATION_LEVEL = "-Onone";
			};
			name = Debug;
		};
		B8A0FDE22C3C1D7C00C82665 /* Release */ = {
			isa = XCBuildConfiguration;
			buildSettings = {
				ALWAYS_SEARCH_USER_PATHS = NO;
				ASSETCATALOG_COMPILER_GENERATE_SWIFT_ASSET_SYMBOL_EXTENSIONS = YES;
				CLANG_ANALYZER_NONNULL = YES;
				CLANG_ANALYZER_NUMBER_OBJECT_CONVERSION = YES_AGGRESSIVE;
				CLANG_CXX_LANGUAGE_STANDARD = "gnu++20";
				CLANG_ENABLE_MODULES = YES;
				CLANG_ENABLE_OBJC_ARC = YES;
				CLANG_ENABLE_OBJC_WEAK = YES;
				CLANG_WARN_BLOCK_CAPTURE_AUTORELEASING = YES;
				CLANG_WARN_BOOL_CONVERSION = YES;
				CLANG_WARN_COMMA = YES;
				CLANG_WARN_CONSTANT_CONVERSION = YES;
				CLANG_WARN_DEPRECATED_OBJC_IMPLEMENTATIONS = YES;
				CLANG_WARN_DIRECT_OBJC_ISA_USAGE = YES_ERROR;
				CLANG_WARN_DOCUMENTATION_COMMENTS = YES;
				CLANG_WARN_EMPTY_BODY = YES;
				CLANG_WARN_ENUM_CONVERSION = YES;
				CLANG_WARN_INFINITE_RECURSION = YES;
				CLANG_WARN_INT_CONVERSION = YES;
				CLANG_WARN_NON_LITERAL_NULL_CONVERSION = YES;
				CLANG_WARN_OBJC_IMPLICIT_RETAIN_SELF = YES;
				CLANG_WARN_OBJC_LITERAL_CONVERSION = YES;
				CLANG_WARN_OBJC_ROOT_CLASS = YES_ERROR;
				CLANG_WARN_QUOTED_INCLUDE_IN_FRAMEWORK_HEADER = YES;
				CLANG_WARN_RANGE_LOOP_ANALYSIS = YES;
				CLANG_WARN_STRICT_PROTOTYPES = YES;
				CLANG_WARN_SUSPICIOUS_MOVE = YES;
				CLANG_WARN_UNGUARDED_AVAILABILITY = YES_AGGRESSIVE;
				CLANG_WARN_UNREACHABLE_CODE = YES;
				CLANG_WARN__DUPLICATE_METHOD_MATCH = YES;
				COPY_PHASE_STRIP = NO;
				DEBUG_INFORMATION_FORMAT = "dwarf-with-dsym";
				ENABLE_NS_ASSERTIONS = NO;
				ENABLE_STRICT_OBJC_MSGSEND = YES;
				ENABLE_USER_SCRIPT_SANDBOXING = YES;
				GCC_C_LANGUAGE_STANDARD = gnu17;
				GCC_NO_COMMON_BLOCKS = YES;
				GCC_WARN_64_TO_32_BIT_CONVERSION = YES;
				GCC_WARN_ABOUT_RETURN_TYPE = YES_ERROR;
				GCC_WARN_UNDECLARED_SELECTOR = YES;
				GCC_WARN_UNINITIALIZED_AUTOS = YES_AGGRESSIVE;
				GCC_WARN_UNUSED_FUNCTION = YES;
				GCC_WARN_UNUSED_VARIABLE = YES;
				IPHONEOS_DEPLOYMENT_TARGET = 17.5;
				LOCALIZATION_PREFERS_STRING_CATALOGS = YES;
				MTL_ENABLE_DEBUG_INFO = NO;
				MTL_FAST_MATH = YES;
				SDKROOT = iphoneos;
				SWIFT_COMPILATION_MODE = wholemodule;
				VALIDATE_PRODUCT = YES;
			};
			name = Release;
		};
		B8A0FDE42C3C1D7C00C82665 /* Debug */ = {
			isa = XCBuildConfiguration;
			buildSettings = {
				ASSETCATALOG_COMPILER_APPICON_NAME = AppIcon;
				ASSETCATALOG_COMPILER_GLOBAL_ACCENT_COLOR_NAME = AccentColor;
				CODE_SIGN_ENTITLEMENTS = Strut/Strut.entitlements;
				CODE_SIGN_IDENTITY = "Apple Development";
				CODE_SIGN_STYLE = Automatic;
				CURRENT_PROJECT_VERSION = 1;
				DEVELOPMENT_ASSET_PATHS = "\"Strut/Preview Content\"";
				DEVELOPMENT_TEAM = CZ4U92U54F;
				ENABLE_PREVIEWS = YES;
				GENERATE_INFOPLIST_FILE = YES;
				INFOPLIST_FILE = Strut/Info.plist;
				INFOPLIST_KEY_NSHealthShareUsageDescription = "Allow access to health data to enjoy the app";
				INFOPLIST_KEY_UIApplicationSceneManifest_Generation = YES;
				INFOPLIST_KEY_UIApplicationSupportsIndirectInputEvents = YES;
				INFOPLIST_KEY_UILaunchScreen_Generation = YES;
				INFOPLIST_KEY_UISupportedInterfaceOrientations = "UIInterfaceOrientationLandscapeLeft UIInterfaceOrientationLandscapeRight UIInterfaceOrientationPortrait";
				INFOPLIST_KEY_UISupportedInterfaceOrientations_iPad = "UIInterfaceOrientationLandscapeLeft UIInterfaceOrientationLandscapeRight UIInterfaceOrientationPortrait UIInterfaceOrientationPortraitUpsideDown";
				LD_RUNPATH_SEARCH_PATHS = (
					"$(inherited)",
					"@executable_path/Frameworks",
				);
				MARKETING_VERSION = 1.0;
				PRODUCT_BUNDLE_IDENTIFIER = com.tunr.Strut;
				PRODUCT_NAME = "$(TARGET_NAME)";
				PROVISIONING_PROFILE_SPECIFIER = "";
				SWIFT_EMIT_LOC_STRINGS = YES;
				SWIFT_VERSION = 5.0;
				TARGETED_DEVICE_FAMILY = "1,2";
			};
			name = Debug;
		};
		B8A0FDE52C3C1D7C00C82665 /* Release */ = {
			isa = XCBuildConfiguration;
			buildSettings = {
				ASSETCATALOG_COMPILER_APPICON_NAME = AppIcon;
				ASSETCATALOG_COMPILER_GLOBAL_ACCENT_COLOR_NAME = AccentColor;
				CODE_SIGN_ENTITLEMENTS = Strut/Strut.entitlements;
				CODE_SIGN_IDENTITY = "Apple Development";
				CODE_SIGN_STYLE = Automatic;
				CURRENT_PROJECT_VERSION = 1;
				DEVELOPMENT_ASSET_PATHS = "\"Strut/Preview Content\"";
				DEVELOPMENT_TEAM = CZ4U92U54F;
				ENABLE_PREVIEWS = YES;
				GENERATE_INFOPLIST_FILE = YES;
				INFOPLIST_FILE = Strut/Info.plist;
				INFOPLIST_KEY_NSHealthShareUsageDescription = "Allow access to health data to enjoy the app";
				INFOPLIST_KEY_UIApplicationSceneManifest_Generation = YES;
				INFOPLIST_KEY_UIApplicationSupportsIndirectInputEvents = YES;
				INFOPLIST_KEY_UILaunchScreen_Generation = YES;
				INFOPLIST_KEY_UISupportedInterfaceOrientations = "UIInterfaceOrientationLandscapeLeft UIInterfaceOrientationLandscapeRight UIInterfaceOrientationPortrait";
				INFOPLIST_KEY_UISupportedInterfaceOrientations_iPad = "UIInterfaceOrientationLandscapeLeft UIInterfaceOrientationLandscapeRight UIInterfaceOrientationPortrait UIInterfaceOrientationPortraitUpsideDown";
				LD_RUNPATH_SEARCH_PATHS = (
					"$(inherited)",
					"@executable_path/Frameworks",
				);
				MARKETING_VERSION = 1.0;
				PRODUCT_BUNDLE_IDENTIFIER = com.tunr.Strut;
				PRODUCT_NAME = "$(TARGET_NAME)";
				PROVISIONING_PROFILE_SPECIFIER = "";
				SWIFT_EMIT_LOC_STRINGS = YES;
				SWIFT_VERSION = 5.0;
				TARGETED_DEVICE_FAMILY = "1,2";
			};
			name = Release;
		};
		B8A0FDE72C3C1D7C00C82665 /* Debug */ = {
			isa = XCBuildConfiguration;
			buildSettings = {
				ALWAYS_EMBED_SWIFT_STANDARD_LIBRARIES = YES;
				BUNDLE_LOADER = "$(TEST_HOST)";
				CODE_SIGN_STYLE = Automatic;
				CURRENT_PROJECT_VERSION = 1;
				DEVELOPMENT_TEAM = CZ4U92U54F;
				GENERATE_INFOPLIST_FILE = YES;
				IPHONEOS_DEPLOYMENT_TARGET = 17.5;
				MARKETING_VERSION = 1.0;
				PRODUCT_BUNDLE_IDENTIFIER = com.tunr.StrutTests;
				PRODUCT_NAME = "$(TARGET_NAME)";
				SWIFT_EMIT_LOC_STRINGS = NO;
				SWIFT_VERSION = 5.0;
				TARGETED_DEVICE_FAMILY = "1,2";
				TEST_HOST = "$(BUILT_PRODUCTS_DIR)/Strut.app/$(BUNDLE_EXECUTABLE_FOLDER_PATH)/Strut";
			};
			name = Debug;
		};
		B8A0FDE82C3C1D7C00C82665 /* Release */ = {
			isa = XCBuildConfiguration;
			buildSettings = {
				ALWAYS_EMBED_SWIFT_STANDARD_LIBRARIES = YES;
				BUNDLE_LOADER = "$(TEST_HOST)";
				CODE_SIGN_STYLE = Automatic;
				CURRENT_PROJECT_VERSION = 1;
				DEVELOPMENT_TEAM = CZ4U92U54F;
				GENERATE_INFOPLIST_FILE = YES;
				IPHONEOS_DEPLOYMENT_TARGET = 17.5;
				MARKETING_VERSION = 1.0;
				PRODUCT_BUNDLE_IDENTIFIER = com.tunr.StrutTests;
				PRODUCT_NAME = "$(TARGET_NAME)";
				SWIFT_EMIT_LOC_STRINGS = NO;
				SWIFT_VERSION = 5.0;
				TARGETED_DEVICE_FAMILY = "1,2";
				TEST_HOST = "$(BUILT_PRODUCTS_DIR)/Strut.app/$(BUNDLE_EXECUTABLE_FOLDER_PATH)/Strut";
			};
			name = Release;
		};
		B8A0FDEA2C3C1D7C00C82665 /* Debug */ = {
			isa = XCBuildConfiguration;
			buildSettings = {
				ALWAYS_EMBED_SWIFT_STANDARD_LIBRARIES = YES;
				CODE_SIGN_STYLE = Automatic;
				CURRENT_PROJECT_VERSION = 1;
				DEVELOPMENT_TEAM = CZ4U92U54F;
				GENERATE_INFOPLIST_FILE = YES;
				MARKETING_VERSION = 1.0;
				PRODUCT_BUNDLE_IDENTIFIER = com.tunr.StrutUITests;
				PRODUCT_NAME = "$(TARGET_NAME)";
				SWIFT_EMIT_LOC_STRINGS = NO;
				SWIFT_VERSION = 5.0;
				TARGETED_DEVICE_FAMILY = "1,2";
				TEST_TARGET_NAME = Strut;
			};
			name = Debug;
		};
		B8A0FDEB2C3C1D7C00C82665 /* Release */ = {
			isa = XCBuildConfiguration;
			buildSettings = {
				ALWAYS_EMBED_SWIFT_STANDARD_LIBRARIES = YES;
				CODE_SIGN_STYLE = Automatic;
				CURRENT_PROJECT_VERSION = 1;
				DEVELOPMENT_TEAM = CZ4U92U54F;
				GENERATE_INFOPLIST_FILE = YES;
				MARKETING_VERSION = 1.0;
				PRODUCT_BUNDLE_IDENTIFIER = com.tunr.StrutUITests;
				PRODUCT_NAME = "$(TARGET_NAME)";
				SWIFT_EMIT_LOC_STRINGS = NO;
				SWIFT_VERSION = 5.0;
				TARGETED_DEVICE_FAMILY = "1,2";
				TEST_TARGET_NAME = Strut;
			};
			name = Release;
		};
/* End XCBuildConfiguration section */

/* Begin XCConfigurationList section */
		B8A0FDB82C3C1D7A00C82665 /* Build configuration list for PBXProject "Strut" */ = {
			isa = XCConfigurationList;
			buildConfigurations = (
				B8A0FDE12C3C1D7C00C82665 /* Debug */,
				B8A0FDE22C3C1D7C00C82665 /* Release */,
			);
			defaultConfigurationIsVisible = 0;
			defaultConfigurationName = Release;
		};
		B8A0FDE32C3C1D7C00C82665 /* Build configuration list for PBXNativeTarget "Strut" */ = {
			isa = XCConfigurationList;
			buildConfigurations = (
				B8A0FDE42C3C1D7C00C82665 /* Debug */,
				B8A0FDE52C3C1D7C00C82665 /* Release */,
			);
			defaultConfigurationIsVisible = 0;
			defaultConfigurationName = Release;
		};
		B8A0FDE62C3C1D7C00C82665 /* Build configuration list for PBXNativeTarget "StrutTests" */ = {
			isa = XCConfigurationList;
			buildConfigurations = (
				B8A0FDE72C3C1D7C00C82665 /* Debug */,
				B8A0FDE82C3C1D7C00C82665 /* Release */,
			);
			defaultConfigurationIsVisible = 0;
			defaultConfigurationName = Release;
		};
		B8A0FDE92C3C1D7C00C82665 /* Build configuration list for PBXNativeTarget "StrutUITests" */ = {
			isa = XCConfigurationList;
			buildConfigurations = (
				B8A0FDEA2C3C1D7C00C82665 /* Debug */,
				B8A0FDEB2C3C1D7C00C82665 /* Release */,
			);
			defaultConfigurationIsVisible = 0;
			defaultConfigurationName = Release;
		};
/* End XCConfigurationList section */

/* Begin XCRemoteSwiftPackageReference section */
		B84EC7192C4B88780086AC13 /* XCRemoteSwiftPackageReference "firebase-ios-sdk" */ = {
			isa = XCRemoteSwiftPackageReference;
			repositoryURL = "https://github.com/firebase/firebase-ios-sdk";
			requirement = {
				kind = upToNextMajorVersion;
				minimumVersion = 10.29.0;
			};
		};
		B8626DC62C7A91720027F6E8 /* XCRemoteSwiftPackageReference "swiftui-introspect" */ = {
			isa = XCRemoteSwiftPackageReference;
			repositoryURL = "https://github.com/siteline/swiftui-introspect";
			requirement = {
				kind = upToNextMajorVersion;
				minimumVersion = 1.3.0;
			};
		};
/* End XCRemoteSwiftPackageReference section */

/* Begin XCSwiftPackageProductDependency section */
		B84EC71A2C4B88780086AC13 /* FirebaseAuth */ = {
			isa = XCSwiftPackageProductDependency;
			package = B84EC7192C4B88780086AC13 /* XCRemoteSwiftPackageReference "firebase-ios-sdk" */;
			productName = FirebaseAuth;
		};
		B84EC71F2C4BAB8A0086AC13 /* FirebaseAnalytics */ = {
			isa = XCSwiftPackageProductDependency;
			package = B84EC7192C4B88780086AC13 /* XCRemoteSwiftPackageReference "firebase-ios-sdk" */;
			productName = FirebaseAnalytics;
		};
		B84EC7212C4BAB900086AC13 /* FirebaseAnalyticsSwift */ = {
			isa = XCSwiftPackageProductDependency;
			package = B84EC7192C4B88780086AC13 /* XCRemoteSwiftPackageReference "firebase-ios-sdk" */;
			productName = FirebaseAnalyticsSwift;
		};
		B8626DCD2C7C0D460027F6E8 /* SwiftUIIntrospect */ = {
			isa = XCSwiftPackageProductDependency;
			package = B8626DC62C7A91720027F6E8 /* XCRemoteSwiftPackageReference "swiftui-introspect" */;
			productName = SwiftUIIntrospect;
		};
		B893AEFE2C56230D00FC3947 /* FirebaseFirestore */ = {
			isa = XCSwiftPackageProductDependency;
			package = B84EC7192C4B88780086AC13 /* XCRemoteSwiftPackageReference "firebase-ios-sdk" */;
			productName = FirebaseFirestore;
		};
		B893AF002C56231E00FC3947 /* FirebaseStorage */ = {
			isa = XCSwiftPackageProductDependency;
			package = B84EC7192C4B88780086AC13 /* XCRemoteSwiftPackageReference "firebase-ios-sdk" */;
			productName = FirebaseStorage;
		};
/* End XCSwiftPackageProductDependency section */
	};
	rootObject = B8A0FDB52C3C1D7A00C82665 /* Project object */;
}
